
Microsoft Visual Studio Solution File, Format Version 12.00
# Visual Studio 2012
Project("{FAE04EC0-301F-11D3-BF4B-00C04F79EFBC}") = "WebApplication1", "WebApplication1\WebApplication1.csproj", "{5632F5FE-B566-4CBD-861F-C02F64A921CF}"
EndProject
Global
	GlobalSection(SolutionConfigurationPlatforms) = preSolution
		Debug|Any CPU = Debug|Any CPU
		Release|Any CPU = Release|Any CPU
	EndGlobalSection
	GlobalSection(ProjectConfigurationPlatforms) = postSolution
		{5632F5FE-B566-4CBD-861F-C02F64A921CF}.Debug|Any CPU.ActiveCfg = Debug|Any CPU
		{5632F5FE-B566-4CBD-861F-C02F64A921CF}.Debug|Any CPU.Build.0 = Debug|Any CPU
		{5632F5FE-B566-4CBD-861F-C02F64A921CF}.Release|Any CPU.ActiveCfg = Release|Any CPU
		{5632F5FE-B566-4CBD-861F-C02F64A921CF}.Release|Any CPU.Build.0 = Release|Any CPU
	EndGlobalSection
	GlobalSection(SolutionProperties) = preSolution
		HideSolutionNode = FALSE
	EndGlobalSection
EndGlobal
